{
  "name": "openclub",
  "version": "1.0.0",
  "lockfileVersion": 1,
  "dependencies": {
    "eventemitter3": {
      "version": "https://registry.npmjs.org/eventemitter3/-/eventemitter3-2.0.3.tgz",
      "integrity": "sha1-teEHm1n7XhuidxwKmTvgYKWMmbo="
    },
    "native-promise-only": {
      "version": "https://registry.npmjs.org/native-promise-only/-/native-promise-only-0.8.1.tgz",
      "integrity": "sha1-IKMYwwy0X3H+et+/eyHJnBRy7xE="
    },
    "raven-js": {
      "version": "3.16.0",
      "resolved": "https://registry.npmjs.org/raven-js/-/raven-js-3.16.0.tgz",
      "integrity": "sha1-p5naT90ExjlD9n3rk9qg7P4QHqs="
    },
    "threads": {
      "version": "https://registry.npmjs.org/threads/-/threads-0.7.3.tgz",
      "integrity": "sha1-69Awk6PtgwGFuRZgb6RvkyJJsk0="
    }
  }
}
